
Microsoft Visual Studio Solution File, Format Version 12.00
# Visual Studio Version 17
VisualStudioVersion = 17.0.31903.59
MinimumVisualStudioVersion = 10.0.40219.1
Project("{2150E333-8FDC-42A3-9474-1A3956D46DE8}") = "src", "src", "{0F88A0F6-0709-4496-9261-9A2EBFD62C5E}"
EndProject
Project("{FAE04EC0-301F-11D3-BF4B-00C04F79EFBC}") = "EventService", "src\EventService\EventService.csproj", "{61FF887F-C1C5-41D0-829B-08F3514C8234}"
EndProject
Project("{FAE04EC0-301F-11D3-BF4B-00C04F79EFBC}") = "MemoryService", "src\MemoryService\MemoryService.csproj", "{756B4D21-6AD6-4E44-966C-D1AF4B42B135}"
EndProject
Project("{FAE04EC0-301F-11D3-BF4B-00C04F79EFBC}") = "ReminderService", "src\ReminderService\ReminderService.csproj", "{D71551D9-7C0E-4E5B-937C-6B001E310B36}"
EndProject
Project("{FAE04EC0-301F-11D3-BF4B-00C04F79EFBC}") = "PatternService", "src\PatternService\PatternService.csproj", "{843FF0E6-F082-405E-8428-528655553110}"
EndProject
Project("{FAE04EC0-301F-11D3-BF4B-00C04F79EFBC}") = "TaskService", "src\TaskService\TaskService.csproj", "{79A3E116-33BB-48A3-AB4D-7C85A86CAC58}"
EndProject
Project("{FAE04EC0-301F-11D3-BF4B-00C04F79EFBC}") = "ContextService", "src\ContextService\ContextService.csproj", "{548E2083-275F-4A83-81F5-CC328FD0579F}"
EndProject
Project("{FAE04EC0-301F-11D3-BF4B-00C04F79EFBC}") = "RuleEngineService", "src\RuleEngineService\RuleEngineService.csproj", "{50790220-9144-4C5F-8053-D6803855E655}"
EndProject
Project("{FAE04EC0-301F-11D3-BF4B-00C04F79EFBC}") = "AgentService", "src\AgentService\AgentService.csproj", "{F936F7E3-AF62-4274-AA6D-703813A785A2}"
EndProject
Project("{FAE04EC0-301F-11D3-BF4B-00C04F79EFBC}") = "Shared", "src\Shared\Shared.csproj", "{74F2F87D-F285-47CF-A272-9314448C03ED}"
EndProject
Project("{2150E333-8FDC-42A3-9474-1A3956D46DE8}") = "tests", "tests", "{CC33EF81-476F-4163-BA4C-96570AA92563}"
EndProject
Project("{FAE04EC0-301F-11D3-BF4B-00C04F79EFBC}") = "EventService.Tests", "tests\EventService.Tests\EventService.Tests.csproj", "{A8D03FD7-8929-47FF-908A-BA419026D6F5}"
EndProject
Project("{FAE04EC0-301F-11D3-BF4B-00C04F79EFBC}") = "MemoryService.Tests", "tests\MemoryService.Tests\MemoryService.Tests.csproj", "{DEB68D50-CA26-4F00-8E66-D2D1AABA1123}"
EndProject
Project("{FAE04EC0-301F-11D3-BF4B-00C04F79EFBC}") = "AgentService.Tests", "tests\AgentService.Tests\AgentService.Tests.csproj", "{53B2A82E-A070-437C-829C-DA9A407D50C1}"
EndProject
Global
	GlobalSection(SolutionConfigurationPlatforms) = preSolution
		Debug|Any CPU = Debug|Any CPU
		Release|Any CPU = Release|Any CPU
	EndGlobalSection
	GlobalSection(SolutionProperties) = preSolution
		HideSolutionNode = FALSE
	EndGlobalSection
	GlobalSection(ProjectConfigurationPlatforms) = postSolution
		{61FF887F-C1C5-41D0-829B-08F3514C8234}.Debug|Any CPU.ActiveCfg = Debug|Any CPU
		{61FF887F-C1C5-41D0-829B-08F3514C8234}.Debug|Any CPU.Build.0 = Debug|Any CPU
		{61FF887F-C1C5-41D0-829B-08F3514C8234}.Release|Any CPU.ActiveCfg = Release|Any CPU
		{61FF887F-C1C5-41D0-829B-08F3514C8234}.Release|Any CPU.Build.0 = Release|Any CPU
		{756B4D21-6AD6-4E44-966C-D1AF4B42B135}.Debug|Any CPU.ActiveCfg = Debug|Any CPU
		{756B4D21-6AD6-4E44-966C-D1AF4B42B135}.Debug|Any CPU.Build.0 = Debug|Any CPU
		{756B4D21-6AD6-4E44-966C-D1AF4B42B135}.Release|Any CPU.ActiveCfg = Release|Any CPU
		{756B4D21-6AD6-4E44-966C-D1AF4B42B135}.Release|Any CPU.Build.0 = Release|Any CPU
		{D71551D9-7C0E-4E5B-937C-6B001E310B36}.Debug|Any CPU.ActiveCfg = Debug|Any CPU
		{D71551D9-7C0E-4E5B-937C-6B001E310B36}.Debug|Any CPU.Build.0 = Debug|Any CPU
		{D71551D9-7C0E-4E5B-937C-6B001E310B36}.Release|Any CPU.ActiveCfg = Release|Any CPU
		{D71551D9-7C0E-4E5B-937C-6B001E310B36}.Release|Any CPU.Build.0 = Release|Any CPU
		{843FF0E6-F082-405E-8428-528655553110}.Debug|Any CPU.ActiveCfg = Debug|Any CPU
		{843FF0E6-F082-405E-8428-528655553110}.Debug|Any CPU.Build.0 = Debug|Any CPU
		{843FF0E6-F082-405E-8428-528655553110}.Release|Any CPU.ActiveCfg = Release|Any CPU
		{843FF0E6-F082-405E-8428-528655553110}.Release|Any CPU.Build.0 = Release|Any CPU
		{79A3E116-33BB-48A3-AB4D-7C85A86CAC58}.Debug|Any CPU.ActiveCfg = Debug|Any CPU
		{79A3E116-33BB-48A3-AB4D-7C85A86CAC58}.Debug|Any CPU.Build.0 = Debug|Any CPU
		{79A3E116-33BB-48A3-AB4D-7C85A86CAC58}.Release|Any CPU.ActiveCfg = Release|Any CPU
		{79A3E116-33BB-48A3-AB4D-7C85A86CAC58}.Release|Any CPU.Build.0 = Release|Any CPU
		{548E2083-275F-4A83-81F5-CC328FD0579F}.Debug|Any CPU.ActiveCfg = Debug|Any CPU
		{548E2083-275F-4A83-81F5-CC328FD0579F}.Debug|Any CPU.Build.0 = Debug|Any CPU
		{548E2083-275F-4A83-81F5-CC328FD0579F}.Release|Any CPU.ActiveCfg = Release|Any CPU
		{548E2083-275F-4A83-81F5-CC328FD0579F}.Release|Any CPU.Build.0 = Release|Any CPU
		{50790220-9144-4C5F-8053-D6803855E655}.Debug|Any CPU.ActiveCfg = Debug|Any CPU
		{50790220-9144-4C5F-8053-D6803855E655}.Debug|Any CPU.Build.0 = Debug|Any CPU
		{50790220-9144-4C5F-8053-D6803855E655}.Release|Any CPU.ActiveCfg = Release|Any CPU
		{50790220-9144-4C5F-8053-D6803855E655}.Release|Any CPU.Build.0 = Release|Any CPU
		{F936F7E3-AF62-4274-AA6D-703813A785A2}.Debug|Any CPU.ActiveCfg = Debug|Any CPU
		{F936F7E3-AF62-4274-AA6D-703813A785A2}.Debug|Any CPU.Build.0 = Debug|Any CPU
		{F936F7E3-AF62-4274-AA6D-703813A785A2}.Release|Any CPU.ActiveCfg = Release|Any CPU
		{F936F7E3-AF62-4274-AA6D-703813A785A2}.Release|Any CPU.Build.0 = Release|Any CPU
		{74F2F87D-F285-47CF-A272-9314448C03ED}.Debug|Any CPU.ActiveCfg = Debug|Any CPU
		{74F2F87D-F285-47CF-A272-9314448C03ED}.Debug|Any CPU.Build.0 = Debug|Any CPU
		{74F2F87D-F285-47CF-A272-9314448C03ED}.Release|Any CPU.ActiveCfg = Release|Any CPU
		{74F2F87D-F285-47CF-A272-9314448C03ED}.Release|Any CPU.Build.0 = Release|Any CPU
		{A8D03FD7-8929-47FF-908A-BA419026D6F5}.Debug|Any CPU.ActiveCfg = Debug|Any CPU
		{A8D03FD7-8929-47FF-908A-BA419026D6F5}.Debug|Any CPU.Build.0 = Debug|Any CPU
		{A8D03FD7-8929-47FF-908A-BA419026D6F5}.Release|Any CPU.ActiveCfg = Release|Any CPU
		{A8D03FD7-8929-47FF-908A-BA419026D6F5}.Release|Any CPU.Build.0 = Release|Any CPU
		{DEB68D50-CA26-4F00-8E66-D2D1AABA1123}.Debug|Any CPU.ActiveCfg = Debug|Any CPU
		{DEB68D50-CA26-4F00-8E66-D2D1AABA1123}.Debug|Any CPU.Build.0 = Debug|Any CPU
		{DEB68D50-CA26-4F00-8E66-D2D1AABA1123}.Release|Any CPU.ActiveCfg = Release|Any CPU
		{DEB68D50-CA26-4F00-8E66-D2D1AABA1123}.Release|Any CPU.Build.0 = Release|Any CPU
		{53B2A82E-A070-437C-829C-DA9A407D50C1}.Debug|Any CPU.ActiveCfg = Debug|Any CPU
		{53B2A82E-A070-437C-829C-DA9A407D50C1}.Debug|Any CPU.Build.0 = Debug|Any CPU
		{53B2A82E-A070-437C-829C-DA9A407D50C1}.Release|Any CPU.ActiveCfg = Release|Any CPU
		{53B2A82E-A070-437C-829C-DA9A407D50C1}.Release|Any CPU.Build.0 = Release|Any CPU
	EndGlobalSection
	GlobalSection(NestedProjects) = preSolution
		{61FF887F-C1C5-41D0-829B-08F3514C8234} = {0F88A0F6-0709-4496-9261-9A2EBFD62C5E}
		{756B4D21-6AD6-4E44-966C-D1AF4B42B135} = {0F88A0F6-0709-4496-9261-9A2EBFD62C5E}
		{D71551D9-7C0E-4E5B-937C-6B001E310B36} = {0F88A0F6-0709-4496-9261-9A2EBFD62C5E}
		{843FF0E6-F082-405E-8428-528655553110} = {0F88A0F6-0709-4496-9261-9A2EBFD62C5E}
		{79A3E116-33BB-48A3-AB4D-7C85A86CAC58} = {0F88A0F6-0709-4496-9261-9A2EBFD62C5E}
		{548E2083-275F-4A83-81F5-CC328FD0579F} = {0F88A0F6-0709-4496-9261-9A2EBFD62C5E}
		{50790220-9144-4C5F-8053-D6803855E655} = {0F88A0F6-0709-4496-9261-9A2EBFD62C5E}
		{F936F7E3-AF62-4274-AA6D-703813A785A2} = {0F88A0F6-0709-4496-9261-9A2EBFD62C5E}
		{74F2F87D-F285-47CF-A272-9314448C03ED} = {0F88A0F6-0709-4496-9261-9A2EBFD62C5E}
		{A8D03FD7-8929-47FF-908A-BA419026D6F5} = {CC33EF81-476F-4163-BA4C-96570AA92563}
		{DEB68D50-CA26-4F00-8E66-D2D1AABA1123} = {CC33EF81-476F-4163-BA4C-96570AA92563}
		{53B2A82E-A070-437C-829C-DA9A407D50C1} = {CC33EF81-476F-4163-BA4C-96570AA92563}
	EndGlobalSection
EndGlobal
